
Microsoft Visual Studio Solution File, Format Version 12.00
Project("{FAE04EC0-301F-11D3-BF4B-00C04F79EFBC}") = "hs-mercenary-strategy", "hs-mercenary-strategy\hs-mercenary-strategy.csproj", "{C10A8AAE-2C21-499C-9D05-CEE85F11F387}"
EndProject
Global
	GlobalSection(SolutionConfigurationPlatforms) = preSolution
		Debug|Any CPU = Debug|Any CPU
		Release|Any CPU = Release|Any CPU
	EndGlobalSection
	GlobalSection(ProjectConfigurationPlatforms) = postSolution
		{C10A8AAE-2C21-499C-9D05-CEE85F11F387}.Debug|Any CPU.ActiveCfg = Debug|Any CPU
		{C10A8AAE-2C21-499C-9D05-CEE85F11F387}.Debug|Any CPU.Build.0 = Debug|Any CPU
		{C10A8AAE-2C21-499C-9D05-CEE85F11F387}.Release|Any CPU.ActiveCfg = Release|Any CPU
		{C10A8AAE-2C21-499C-9D05-CEE85F11F387}.Release|Any CPU.Build.0 = Release|Any CPU
	EndGlobalSection
EndGlobal
